// !$*UTF8*$!
{
	archiveVersion = 1;
	classes = {
	};
	objectVersion = 48;
	objects = {

/* Begin PBXBuildFile section */
		841BC9491F8E0F8D002A27B4 /* WYCTextField.m in Sources */ = {isa = PBXBuildFile; fileRef = 841BC9481F8E0F8D002A27B4 /* WYCTextField.m */; };
		841BC94A1F8E0F8D002A27B4 /* WYCTextField.m in Sources */ = {isa = PBXBuildFile; fileRef = 841BC9481F8E0F8D002A27B4 /* WYCTextField.m */; };
		841BC94B1F8E0F8D002A27B4 /* WYCTextField.m in Sources */ = {isa = PBXBuildFile; fileRef = 841BC9481F8E0F8D002A27B4 /* WYCTextField.m */; };
		84FCB9731F8E0CA700AA2286 /* AppDelegate.m in Sources */ = {isa = PBXBuildFile; fileRef = 84FCB9721F8E0CA700AA2286 /* AppDelegate.m */; };
		84FCB9761F8E0CA700AA2286 /* ViewController.m in Sources */ = {isa = PBXBuildFile; fileRef = 84FCB9751F8E0CA700AA2286 /* ViewController.m */; };
		84FCB9791F8E0CA700AA2286 /* Main.storyboard in Resources */ = {isa = PBXBuildFile; fileRef = 84FCB9771F8E0CA700AA2286 /* Main.storyboard */; };
		84FCB97B1F8E0CA700AA2286 /* Assets.xcassets in Resources */ = {isa = PBXBuildFile; fileRef = 84FCB97A1F8E0CA700AA2286 /* Assets.xcassets */; };
		84FCB97E1F8E0CA700AA2286 /* LaunchScreen.storyboard in Resources */ = {isa = PBXBuildFile; fileRef = 84FCB97C1F8E0CA700AA2286 /* LaunchScreen.storyboard */; };
		84FCB9811F8E0CA700AA2286 /* main.m in Sources */ = {isa = PBXBuildFile; fileRef = 84FCB9801F8E0CA700AA2286 /* main.m */; };
		84FCB98B1F8E0CA700AA2286 /* WYCTextFieldTests.m in Sources */ = {isa = PBXBuildFile; fileRef = 84FCB98A1F8E0CA700AA2286 /* WYCTextFieldTests.m */; };
		84FCB9961F8E0CA700AA2286 /* WYCTextFieldUITests.m in Sources */ = {isa = PBXBuildFile; fileRef = 84FCB9951F8E0CA700AA2286 /* WYCTextFieldUITests.m */; };
/* End PBXBuildFile section */

/* Begin PBXContainerItemProxy section */
		84FCB9871F8E0CA700AA2286 /* PBXContainerItemProxy */ = {
			isa = PBXContainerItemProxy;
			containerPortal = 84FCB9661F8E0CA700AA2286 /* Project object */;
			proxyType = 1;
			remoteGlobalIDString = 84FCB96D1F8E0CA700AA2286;
			remoteInfo = WYCTextField;
		};
		84FCB9921F8E0CA700AA2286 /* PBXContainerItemProxy */ = {
			isa = PBXContainerItemProxy;
			containerPortal = 84FCB9661F8E0CA700AA2286 /* Project object */;
			proxyType = 1;
			remoteGlobalIDString = 84FCB96D1F8E0CA700AA2286;
			remoteInfo = WYCTextField;
		};
/* End PBXContainerItemProxy section */

/* Begin PBXFileReference section */
		841BC9471F8E0F8D002A27B4 /* WYCTextField.h */ = {isa = PBXFileReference; lastKnownFileType = sourcecode.c.h; path = WYCTextField.h; sourceTree = "<group>"; };
		841BC9481F8E0F8D002A27B4 /* WYCTextField.m */ = {isa = PBXFileReference; lastKnownFileType = sourcecode.c.objc; path = WYCTextField.m; sourceTree = "<group>"; };
		84FCB96E1F8E0CA700AA2286 /* WYCTextField.app */ = {isa = PBXFileReference; explicitFileType = wrapper.application; includeInIndex = 0; path = WYCTextField.app; sourceTree = BUILT_PRODUCTS_DIR; };
		84FCB9711F8E0CA700AA2286 /* AppDelegate.h */ = {isa = PBXFileReference; lastKnownFileType = sourcecode.c.h; path = AppDelegate.h; sourceTree = "<group>"; };
		84FCB9721F8E0CA700AA2286 /* AppDelegate.m */ = {isa = PBXFileReference; lastKnownFileType = sourcecode.c.objc; path = AppDelegate.m; sourceTree = "<group>"; };
		84FCB9741F8E0CA700AA2286 /* ViewController.h */ = {isa = PBXFileReference; lastKnownFileType = sourcecode.c.h; path = ViewController.h; sourceTree = "<group>"; };
		84FCB9751F8E0CA700AA2286 /* ViewController.m */ = {isa = PBXFileReference; lastKnownFileType = sourcecode.c.objc; path = ViewController.m; sourceTree = "<group>"; };
		84FCB9781F8E0CA700AA2286 /* Base */ = {isa = PBXFileReference; lastKnownFileType = file.storyboard; name = Base; path = Base.lproj/Main.storyboard; sourceTree = "<group>"; };
		84FCB97A1F8E0CA700AA2286 /* Assets.xcassets */ = {isa = PBXFileReference; lastKnownFileType = folder.assetcatalog; path = Assets.xcassets; sourceTree = "<group>"; };
		84FCB97D1F8E0CA700AA2286 /* Base */ = {isa = PBXFileReference; lastKnownFileType = file.storyboard; name = Base; path = Base.lproj/LaunchScreen.storyboard; sourceTree = "<group>"; };
		84FCB97F1F8E0CA700AA2286 /* Info.plist */ = {isa = PBXFileReference; lastKnownFileType = text.plist.xml; path = Info.plist; sourceTree = "<group>"; };
		84FCB9801F8E0CA700AA2286 /* main.m */ = {isa = PBXFileReference; lastKnownFileType = sourcecode.c.objc; path = main.m; sourceTree = "<group>"; };
		84FCB9861F8E0CA700AA2286 /* WYCTextFieldTests.xctest */ = {isa = PBXFileReference; explicitFileType = wrapper.cfbundle; includeInIndex = 0; path = WYCTextFieldTests.xctest; sourceTree = BUILT_PRODUCTS_DIR; };
		84FCB98A1F8E0CA700AA2286 /* WYCTextFieldTests.m */ = {isa = PBXFileReference; lastKnownFileType = sourcecode.c.objc; path = WYCTextFieldTests.m; sourceTree = "<group>"; };
		84FCB98C1F8E0CA700AA2286 /* Info.plist */ = {isa = PBXFileReference; lastKnownFileType = text.plist.xml; path = Info.plist; sourceTree = "<group>"; };
		84FCB9911F8E0CA700AA2286 /* WYCTextFieldUITests.xctest */ = {isa = PBXFileReference; explicitFileType = wrapper.cfbundle; includeInIndex = 0; path = WYCTextFieldUITests.xctest; sourceTree = BUILT_PRODUCTS_DIR; };
		84FCB9951F8E0CA700AA2286 /* WYCTextFieldUITests.m */ = {isa = PBXFileReference; lastKnownFileType = sourcecode.c.objc; path = WYCTextFieldUITests.m; sourceTree = "<group>"; };
		84FCB9971F8E0CA700AA2286 /* Info.plist */ = {isa = PBXFileReference; lastKnownFileType = text.plist.xml; path = Info.plist; sourceTree = "<group>"; };
/* End PBXFileReference section */

/* Begin PBXFrameworksBuildPhase section */
		84FCB96B1F8E0CA700AA2286 /* Frameworks */ = {
			isa = PBXFrameworksBuildPhase;
			buildActionMask = 2147483647;
			files = (
			);
			runOnlyForDeploymentPostprocessing = 0;
		};
		84FCB9831F8E0CA700AA2286 /* Frameworks */ = {
			isa = PBXFrameworksBuildPhase;
			buildActionMask = 2147483647;
			files = (
			);
			runOnlyForDeploymentPostprocessing = 0;
		};
		84FCB98E1F8E0CA700AA2286 /* Frameworks */ = {
			isa = PBXFrameworksBuildPhase;
			buildActionMask = 2147483647;
			files = (
			);
			runOnlyForDeploymentPostprocessing = 0;
		};
/* End PBXFrameworksBuildPhase section */

/* Begin PBXGroup section */
		84FCB9651F8E0CA700AA2286 = {
			isa = PBXGroup;
			children = (
				84FCB9701F8E0CA700AA2286 /* WYCTextField */,
				84FCB9891F8E0CA700AA2286 /* WYCTextFieldTests */,
				84FCB9941F8E0CA700AA2286 /* WYCTextFieldUITests */,
				84FCB96F1F8E0CA700AA2286 /* Products */,
			);
			sourceTree = "<group>";
		};
		84FCB96F1F8E0CA700AA2286 /* Products */ = {
			isa = PBXGroup;
			children = (
				84FCB96E1F8E0CA700AA2286 /* WYCTextField.app */,
				84FCB9861F8E0CA700AA2286 /* WYCTextFieldTests.xctest */,
				84FCB9911F8E0CA700AA2286 /* WYCTextFieldUITests.xctest */,
			);
			name = Products;
			sourceTree = "<group>";
		};
		84FCB9701F8E0CA700AA2286 /* WYCTextField */ = {
			isa = PBXGroup;
			children = (
				84FCB9711F8E0CA700AA2286 /* AppDelegate.h */,
				84FCB9721F8E0CA700AA2286 /* AppDelegate.m */,
				84FCB9741F8E0CA700AA2286 /* ViewController.h */,
				84FCB9751F8E0CA700AA2286 /* ViewController.m */,
				841BC9471F8E0F8D002A27B4 /* WYCTextField.h */,
				841BC9481F8E0F8D002A27B4 /* WYCTextField.m */,
				84FCB9771F8E0CA700AA2286 /* Main.storyboard */,
				84FCB97A1F8E0CA700AA2286 /* Assets.xcassets */,
				84FCB97C1F8E0CA700AA2286 /* LaunchScreen.storyboard */,
				84FCB97F1F8E0CA700AA2286 /* Info.plist */,
				84FCB9801F8E0CA700AA2286 /* main.m */,
			);
			path = WYCTextField;
			sourceTree = "<group>";
		};
		84FCB9891F8E0CA700AA2286 /* WYCTextFieldTests */ = {
			isa = PBXGroup;
			children = (
				84FCB98A1F8E0CA700AA2286 /* WYCTextFieldTests.m */,
				84FCB98C1F8E0CA700AA2286 /* Info.plist */,
			);
			path = WYCTextFieldTests;
			sourceTree = "<group>";
		};
		84FCB9941F8E0CA700AA2286 /* WYCTextFieldUITests */ = {
			isa = PBXGroup;
			children = (
				84FCB9951F8E0CA700AA2286 /* WYCTextFieldUITests.m */,
				84FCB9971F8E0CA700AA2286 /* Info.plist */,
			);
			path = WYCTextFieldUITests;
			sourceTree = "<group>";
		};
/* End PBXGroup section */

/* Begin PBXNativeTarget section */
		84FCB96D1F8E0CA700AA2286 /* WYCTextField */ = {
			isa = PBXNativeTarget;
			buildConfigurationList = 84FCB99A1F8E0CA800AA2286 /* Build configuration list for PBXNativeTarget "WYCTextField" */;
			buildPhases = (
				84FCB96A1F8E0CA700AA2286 /* Sources */,
				84FCB96B1F8E0CA700AA2286 /* Frameworks */,
				84FCB96C1F8E0CA700AA2286 /* Resources */,
			);
			buildRules = (
			);
			dependencies = (
			);
			name = WYCTextField;
			productName = WYCTextField;
			productReference = 84FCB96E1F8E0CA700AA2286 /* WYCTextField.app */;
			productType = "com.apple.product-type.application";
		};
		84FCB9851F8E0CA700AA2286 /* WYCTextFieldTests */ = {
			isa = PBXNativeTarget;
			buildConfigurationList = 84FCB99D1F8E0CA800AA2286 /* Build configuration list for PBXNativeTarget "WYCTextFieldTests" */;
			buildPhases = (
				84FCB9821F8E0CA700AA2286 /* Sources */,
				84FCB9831F8E0CA700AA2286 /* Frameworks */,
				84FCB9841F8E0CA700AA2286 /* Resources */,
			);
			buildRules = (
			);
			dependencies = (
				84FCB9881F8E0CA700AA2286 /* PBXTargetDependency */,
			);
			name = WYCTextFieldTests;
			productName = WYCTextFieldTests;
			productReference = 84FCB9861F8E0CA700AA2286 /* WYCTextFieldTests.xctest */;
			productType = "com.apple.product-type.bundle.unit-test";
		};
		84FCB9901F8E0CA700AA2286 /* WYCTextFieldUITests */ = {
			isa = PBXNativeTarget;
			buildConfigurationList = 84FCB9A01F8E0CA800AA2286 /* Build configuration list for PBXNativeTarget "WYCTextFieldUITests" */;
			buildPhases = (
				84FCB98D1F8E0CA700AA2286 /* Sources */,
				84FCB98E1F8E0CA700AA2286 /* Frameworks */,
				84FCB98F1F8E0CA700AA2286 /* Resources */,
			);
			buildRules = (
			);
			dependencies = (
				84FCB9931F8E0CA700AA2286 /* PBXTargetDependency */,
			);
			name = WYCTextFieldUITests;
			productName = WYCTextFieldUITests;
			productReference = 84FCB9911F8E0CA700AA2286 /* WYCTextFieldUITests.xctest */;
			productType = "com.apple.product-type.bundle.ui-testing";
		};
/* End PBXNativeTarget section */

/* Begin PBXProject section */
		84FCB9661F8E0CA700AA2286 /* Project object */ = {
			isa = PBXProject;
			attributes = {
				LastUpgradeCheck = 0900;
				TargetAttributes = {
					84FCB96D1F8E0CA700AA2286 = {
						CreatedOnToolsVersion = 9.0;
						ProvisioningStyle = Automatic;
					};
					84FCB9851F8E0CA700AA2286 = {
						CreatedOnToolsVersion = 9.0;
						ProvisioningStyle = Automatic;
						TestTargetID = 84FCB96D1F8E0CA700AA2286;
					};
					84FCB9901F8E0CA700AA2286 = {
						CreatedOnToolsVersion = 9.0;
						ProvisioningStyle = Automatic;
						TestTargetID = 84FCB96D1F8E0CA700AA2286;
					};
				};
			};
			buildConfigurationList = 84FCB9691F8E0CA700AA2286 /* Build configuration list for PBXProject "WYCTextField" */;
			compatibilityVersion = "Xcode 8.0";
			developmentRegion = en;
			hasScannedForEncodings = 0;
			knownRegions = (
				en,
				Base,
			);
			mainGroup = 84FCB9651F8E0CA700AA2286;
			productRefGroup = 84FCB96F1F8E0CA700AA2286 /* Products */;
			projectDirPath = "";
			projectRoot = "";
			targets = (
				84FCB96D1F8E0CA700AA2286 /* WYCTextField */,
				84FCB9851F8E0CA700AA2286 /* WYCTextFieldTests */,
				84FCB9901F8E0CA700AA2286 /* WYCTextFieldUITests */,
			);
		};
/* End PBXProject section */

/* Begin PBXResourcesBuildPhase section */
		84FCB96C1F8E0CA700AA2286 /* Resources */ = {
			isa = PBXResourcesBuildPhase;
			buildActionMask = 2147483647;
			files = (
				84FCB97E1F8E0CA700AA2286 /* LaunchScreen.storyboard in Resources */,
				84FCB97B1F8E0CA700AA2286 /* Assets.xcassets in Resources */,
				84FCB9791F8E0CA700AA2286 /* Main.storyboard in Resources */,
			);
			runOnlyForDeploymentPostprocessing = 0;
		};
		84FCB9841F8E0CA700AA2286 /* Resources */ = {
			isa = PBXResourcesBuildPhase;
			buildActionMask = 2147483647;
			files = (
			);
			runOnlyForDeploymentPostprocessing = 0;
		};
		84FCB98F1F8E0CA700AA2286 /* Resources */ = {
			isa = PBXResourcesBuildPhase;
			buildActionMask = 2147483647;
			files = (
			);
			runOnlyForDeploymentPostprocessing = 0;
		};
/* End PBXResourcesBuildPhase section */

/* Begin PBXSourcesBuildPhase section */
		84FCB96A1F8E0CA700AA2286 /* Sources */ = {
			isa = PBXSourcesBuildPhase;
			buildActionMask = 2147483647;
			files = (
				84FCB9761F8E0CA700AA2286 /* ViewController.m in Sources */,
				841BC9491F8E0F8D002A27B4 /* WYCTextField.m in Sources */,
				84FCB9811F8E0CA700AA2286 /* main.m in Sources */,
				84FCB9731F8E0CA700AA2286 /* AppDelegate.m in Sources */,
			);
			runOnlyForDeploymentPostprocessing = 0;
		};
		84FCB9821F8E0CA700AA2286 /* Sources */ = {
			isa = PBXSourcesBuildPhase;
			buildActionMask = 2147483647;
			files = (
				84FCB98B1F8E0CA700AA2286 /* WYCTextFieldTests.m in Sources */,
				841BC94A1F8E0F8D002A27B4 /* WYCTextField.m in Sources */,
			);
			runOnlyForDeploymentPostprocessing = 0;
		};
		84FCB98D1F8E0CA700AA2286 /* Sources */ = {
			isa = PBXSourcesBuildPhase;
			buildActionMask = 2147483647;
			files = (
				84FCB9961F8E0CA700AA2286 /* WYCTextFieldUITests.m in Sources */,
				841BC94B1F8E0F8D002A27B4 /* WYCTextField.m in Sources */,
			);
			runOnlyForDeploymentPostprocessing = 0;
		};
/* End PBXSourcesBuildPhase section */

/* Begin PBXTargetDependency section */
		84FCB9881F8E0CA700AA2286 /* PBXTargetDependency */ = {
			isa = PBXTargetDependency;
			target = 84FCB96D1F8E0CA700AA2286 /* WYCTextField */;
			targetProxy = 84FCB9871F8E0CA700AA2286 /* PBXContainerItemProxy */;
		};
		84FCB9931F8E0CA700AA2286 /* PBXTargetDependency */ = {
			isa = PBXTargetDependency;
			target = 84FCB96D1F8E0CA700AA2286 /* WYCTextField */;
			targetProxy = 84FCB9921F8E0CA700AA2286 /* PBXContainerItemProxy */;
		};
/* End PBXTargetDependency section */

/* Begin PBXVariantGroup section */
		84FCB9771F8E0CA700AA2286 /* Main.storyboard */ = {
			isa = PBXVariantGroup;
			children = (
				84FCB9781F8E0CA700AA2286 /* Base */,
			);
			name = Main.storyboard;
			sourceTree = "<group>";
		};
		84FCB97C1F8E0CA700AA2286 /* LaunchScreen.storyboard */ = {
			isa = PBXVariantGroup;
			children = (
				84FCB97D1F8E0CA700AA2286 /* Base */,
			);
			name = LaunchScreen.storyboard;
			sourceTree = "<group>";
		};
/* End PBXVariantGroup section */

/* Begin XCBuildConfiguration section */
		84FCB9981F8E0CA700AA2286 /* Debug */ = {
			isa = XCBuildConfiguration;
			buildSettings = {
				ALWAYS_SEARCH_USER_PATHS = NO;
				CLANG_ANALYZER_NONNULL = YES;
				CLANG_ANALYZER_NUMBER_OBJECT_CONVERSION = YES_AGGRESSIVE;
				CLANG_CXX_LANGUAGE_STANDARD = "gnu++14";
				CLANG_CXX_LIBRARY = "libc++";
				CLANG_ENABLE_MODULES = YES;
				CLANG_ENABLE_OBJC_ARC = YES;
				CLANG_WARN_BLOCK_CAPTURE_AUTORELEASING = YES;
				CLANG_WARN_BOOL_CONVERSION = YES;
				CLANG_WARN_COMMA = YES;
				CLANG_WARN_CONSTANT_CONVERSION = YES;
				CLANG_WARN_DIRECT_OBJC_ISA_USAGE = YES_ERROR;
				CLANG_WARN_DOCUMENTATION_COMMENTS = YES;
				CLANG_WARN_EMPTY_BODY = YES;
				CLANG_WARN_ENUM_CONVERSION = YES;
				CLANG_WARN_INFINITE_RECURSION = YES;
				CLANG_WARN_INT_CONVERSION = YES;
				CLANG_WARN_NON_LITERAL_NULL_CONVERSION = YES;
				CLANG_WARN_OBJC_LITERAL_CONVERSION = YES;
				CLANG_WARN_OBJC_ROOT_CLASS = YES_ERROR;
				CLANG_WARN_RANGE_LOOP_ANALYSIS = YES;
				CLANG_WARN_STRICT_PROTOTYPES = YES;
				CLANG_WARN_SUSPICIOUS_MOVE = YES;
				CLANG_WARN_UNGUARDED_AVAILABILITY = YES_AGGRESSIVE;
				CLANG_WARN_UNREACHABLE_CODE = YES;
				CLANG_WARN__DUPLICATE_METHOD_MATCH = YES;
				CODE_SIGN_IDENTITY = "iPhone Developer";
				COPY_PHASE_STRIP = NO;
				DEBUG_INFORMATION_FORMAT = dwarf;
				ENABLE_STRICT_OBJC_MSGSEND = YES;
				ENABLE_TESTABILITY = YES;
				GCC_C_LANGUAGE_STANDARD = gnu11;
				GCC_DYNAMIC_NO_PIC = NO;
				GCC_NO_COMMON_BLOCKS = YES;
				GCC_OPTIMIZATION_LEVEL = 0;
				GCC_PREPROCESSOR_DEFINITIONS = (
					"DEBUG=1",
					"$(inherited)",
				);
				GCC_WARN_64_TO_32_BIT_CONVERSION = YES;
				GCC_WARN_ABOUT_RETURN_TYPE = YES_ERROR;
				GCC_WARN_UNDECLARED_SELECTOR = YES;
				GCC_WARN_UNINITIALIZED_AUTOS = YES_AGGRESSIVE;
				GCC_WARN_UNUSED_FUNCTION = YES;
				GCC_WARN_UNUSED_VARIABLE = YES;
				IPHONEOS_DEPLOYMENT_TARGET = 11.0;
				MTL_ENABLE_DEBUG_INFO = YES;
				ONLY_ACTIVE_ARCH = YES;
				SDKROOT = iphoneos;
			};
			name = Debug;
		};
		84FCB9991F8E0CA700AA2286 /* Release */ = {
			isa = XCBuildConfiguration;
			buildSettings = {
				ALWAYS_SEARCH_USER_PATHS = NO;
				CLANG_ANALYZER_NONNULL = YES;
				CLANG_ANALYZER_NUMBER_OBJECT_CONVERSION = YES_AGGRESSIVE;
				CLANG_CXX_LANGUAGE_STANDARD = "gnu++14";
				CLANG_CXX_LIBRARY = "libc++";
				CLANG_ENABLE_MODULES = YES;
				CLANG_ENABLE_OBJC_ARC = YES;
				CLANG_WARN_BLOCK_CAPTURE_AUTORELEASING = YES;
				CLANG_WARN_BOOL_CONVERSION = YES;
				CLANG_WARN_COMMA = YES;
				CLANG_WARN_CONSTANT_CONVERSION = YES;
				CLANG_WARN_DIRECT_OBJC_ISA_USAGE = YES_ERROR;
				CLANG_WARN_DOCUMENTATION_COMMENTS = YES;
				CLANG_WARN_EMPTY_BODY = YES;
				CLANG_WARN_ENUM_CONVERSION = YES;
				CLANG_WARN_INFINITE_RECURSION = YES;
				CLANG_WARN_INT_CONVERSION = YES;
				CLANG_WARN_NON_LITERAL_NULL_CONVERSION = YES;
				CLANG_WARN_OBJC_LITERAL_CONVERSION = YES;
				CLANG_WARN_OBJC_ROOT_CLASS = YES_ERROR;
				CLANG_WARN_RANGE_LOOP_ANALYSIS = YES;
				CLANG_WARN_STRICT_PROTOTYPES = YES;
				CLANG_WARN_SUSPICIOUS_MOVE = YES;
				CLANG_WARN_UNGUARDED_AVAILABILITY = YES_AGGRESSIVE;
				CLANG_WARN_UNREACHABLE_CODE = YES;
				CLANG_WARN__DUPLICATE_METHOD_MATCH = YES;
				CODE_SIGN_IDENTITY = "iPhone Developer";
				COPY_PHASE_STRIP = NO;
				DEBUG_INFORMATION_FORMAT = "dwarf-with-dsym";
				ENABLE_NS_ASSERTIONS = NO;
				ENABLE_STRICT_OBJC_MSGSEND = YES;
				GCC_C_LANGUAGE_STANDARD = gnu11;
				GCC_NO_COMMON_BLOCKS = YES;
				GCC_WARN_64_TO_32_BIT_CONVERSION = YES;
				GCC_WARN_ABOUT_RETURN_TYPE = YES_ERROR;
				GCC_WARN_UNDECLARED_SELECTOR = YES;
				GCC_WARN_UNINITIALIZED_AUTOS = YES_AGGRESSIVE;
				GCC_WARN_UNUSED_FUNCTION = YES;
				GCC_WARN_UNUSED_VARIABLE = YES;
				IPHONEOS_DEPLOYMENT_TARGET = 11.0;
				MTL_ENABLE_DEBUG_INFO = NO;
				SDKROOT = iphoneos;
				VALIDATE_PRODUCT = YES;
			};
			name = Release;
		};
		84FCB99B1F8E0CA800AA2286 /* Debug */ = {
			isa = XCBuildConfiguration;
			buildSettings = {
				ASSETCATALOG_COMPILER_APPICON_NAME = AppIcon;
				CODE_SIGN_STYLE = Automatic;
				DEVELOPMENT_TEAM = 5QWMM5P7LK;
				INFOPLIST_FILE = WYCTextField/Info.plist;
				IPHONEOS_DEPLOYMENT_TARGET = 8.0;
				LD_RUNPATH_SEARCH_PATHS = "$(inherited) @executable_path/Frameworks";
				PRODUCT_BUNDLE_IDENTIFIER = WYCTextField.WYCTextField;
				PRODUCT_NAME = "$(TARGET_NAME)";
				TARGETED_DEVICE_FAMILY = "1,2";
			};
			name = Debug;
		};
		84FCB99C1F8E0CA800AA2286 /* Release */ = {
			isa = XCBuildConfiguration;
			buildSettings = {
				ASSETCATALOG_COMPILER_APPICON_NAME = AppIcon;
				CODE_SIGN_STYLE = Automatic;
				DEVELOPMENT_TEAM = 5QWMM5P7LK;
				INFOPLIST_FILE = WYCTextField/Info.plist;
				IPHONEOS_DEPLOYMENT_TARGET = 8.0;
				LD_RUNPATH_SEARCH_PATHS = "$(inherited) @executable_path/Frameworks";
				PRODUCT_BUNDLE_IDENTIFIER = WYCTextField.WYCTextField;
				PRODUCT_NAME = "$(TARGET_NAME)";
				TARGETED_DEVICE_FAMILY = "1,2";
			};
			name = Release;
		};
		84FCB99E1F8E0CA800AA2286 /* Debug */ = {
			isa = XCBuildConfiguration;
			buildSettings = {
				BUNDLE_LOADER = "$(TEST_HOST)";
				CODE_SIGN_STYLE = Automatic;
				DEVELOPMENT_TEAM = 5QWMM5P7LK;
				INFOPLIST_FILE = WYCTextFieldTests/Info.plist;
				LD_RUNPATH_SEARCH_PATHS = "$(inherited) @executable_path/Frameworks @loader_path/Frameworks";
				PRODUCT_BUNDLE_IDENTIFIER = WYCTextField.WYCTextFieldTests;
				PRODUCT_NAME = "$(TARGET_NAME)";
				TARGETED_DEVICE_FAMILY = "1,2";
				TEST_HOST = "$(BUILT_PRODUCTS_DIR)/WYCTextField.app/WYCTextField";
			};
			name = Debug;
		};
		84FCB99F1F8E0CA800AA2286 /* Release */ = {
			isa = XCBuildConfiguration;
			buildSettings = {
				BUNDLE_LOADER = "$(TEST_HOST)";
				CODE_SIGN_STYLE = Automatic;
				DEVELOPMENT_TEAM = 5QWMM5P7LK;
				INFOPLIST_FILE = WYCTextFieldTests/Info.plist;
				LD_RUNPATH_SEARCH_PATHS = "$(inherited) @executable_path/Frameworks @loader_path/Frameworks";
				PRODUCT_BUNDLE_IDENTIFIER = WYCTextField.WYCTextFieldTests;
				PRODUCT_NAME = "$(TARGET_NAME)";
				TARGETED_DEVICE_FAMILY = "1,2";
				TEST_HOST = "$(BUILT_PRODUCTS_DIR)/WYCTextField.app/WYCTextField";
			};
			name = Release;
		};
		84FCB9A11F8E0CA800AA2286 /* Debug */ = {
			isa = XCBuildConfiguration;
			buildSettings = {
				CODE_SIGN_STYLE = Automatic;
				DEVELOPMENT_TEAM = 5QWMM5P7LK;
				INFOPLIST_FILE = WYCTextFieldUITests/Info.plist;
				LD_RUNPATH_SEARCH_PATHS = "$(inherited) @executable_path/Frameworks @loader_path/Frameworks";
				PRODUCT_BUNDLE_IDENTIFIER = WYCTextField.WYCTextFieldUITests;
				PRODUCT_NAME = "$(TARGET_NAME)";
				TARGETED_DEVICE_FAMILY = "1,2";
				TEST_TARGET_NAME = WYCTextField;
			};
			name = Debug;
		};
		84FCB9A21F8E0CA800AA2286 /* Release */ = {
			isa = XCBuildConfiguration;
			buildSettings = {
				CODE_SIGN_STYLE = Automatic;
				DEVELOPMENT_TEAM = 5QWMM5P7LK;
				INFOPLIST_FILE = WYCTextFieldUITests/Info.plist;
				LD_RUNPATH_SEARCH_PATHS = "$(inherited) @executable_path/Frameworks @loader_path/Frameworks";
				PRODUCT_BUNDLE_IDENTIFIER = WYCTextField.WYCTextFieldUITests;
				PRODUCT_NAME = "$(TARGET_NAME)";
				TARGETED_DEVICE_FAMILY = "1,2";
				TEST_TARGET_NAME = WYCTextField;
			};
			name = Release;
		};
/* End XCBuildConfiguration section */

/* Begin XCConfigurationList section */
		84FCB9691F8E0CA700AA2286 /* Build configuration list for PBXProject "WYCTextField" */ = {
			isa = XCConfigurationList;
			buildConfigurations = (
				84FCB9981F8E0CA700AA2286 /* Debug */,
				84FCB9991F8E0CA700AA2286 /* Release */,
			);
			defaultConfigurationIsVisible = 0;
			defaultConfigurationName = Release;
		};
		84FCB99A1F8E0CA800AA2286 /* Build configuration list for PBXNativeTarget "WYCTextField" */ = {
			isa = XCConfigurationList;
			buildConfigurations = (
				84FCB99B1F8E0CA800AA2286 /* Debug */,
				84FCB99C1F8E0CA800AA2286 /* Release */,
			);
			defaultConfigurationIsVisible = 0;
			defaultConfigurationName = Release;
		};
		84FCB99D1F8E0CA800AA2286 /* Build configuration list for PBXNativeTarget "WYCTextFieldTests" */ = {
			isa = XCConfigurationList;
			buildConfigurations = (
				84FCB99E1F8E0CA800AA2286 /* Debug */,
				84FCB99F1F8E0CA800AA2286 /* Release */,
			);
			defaultConfigurationIsVisible = 0;
			defaultConfigurationName = Release;
		};
		84FCB9A01F8E0CA800AA2286 /* Build configuration list for PBXNativeTarget "WYCTextFieldUITests" */ = {
			isa = XCConfigurationList;
			buildConfigurations = (
				84FCB9A11F8E0CA800AA2286 /* Debug */,
				84FCB9A21F8E0CA800AA2286 /* Release */,
			);
			defaultConfigurationIsVisible = 0;
			defaultConfigurationName = Release;
		};
/* End XCConfigurationList section */
	};
	rootObject = 84FCB9661F8E0CA700AA2286 /* Project object */;
}
